
Microsoft Visual Studio Solution File, Format Version 12.00
# Visual Studio Version 17
VisualStudioVersion = 17.1.32210.238
MinimumVisualStudioVersion = 10.0.40219.1
Project("{FAE04EC0-301F-11D3-BF4B-00C04F79EFBC}") = "PollyFallbackPOC", "PollyFallbackPOC\PollyFallbackPOC.csproj", "{639C8372-A221-4D8F-8708-C7D3683A5B76}"
EndProject
Project("{FAE04EC0-301F-11D3-BF4B-00C04F79EFBC}") = "PollyFallbackPOC.Tests", "PollyFallbackPOC.Tests\PollyFallbackPOC.Tests.csproj", "{7CB8CB0D-B11F-4689-80EC-FC0B340408D1}"
EndProject
Global
	GlobalSection(SolutionConfigurationPlatforms) = preSolution
		Debug|Any CPU = Debug|Any CPU
		Release|Any CPU = Release|Any CPU
	EndGlobalSection
	GlobalSection(ProjectConfigurationPlatforms) = postSolution
		{639C8372-A221-4D8F-8708-C7D3683A5B76}.Debug|Any CPU.ActiveCfg = Debug|Any CPU
		{639C8372-A221-4D8F-8708-C7D3683A5B76}.Debug|Any CPU.Build.0 = Debug|Any CPU
		{639C8372-A221-4D8F-8708-C7D3683A5B76}.Release|Any CPU.ActiveCfg = Release|Any CPU
		{639C8372-A221-4D8F-8708-C7D3683A5B76}.Release|Any CPU.Build.0 = Release|Any CPU
		{7CB8CB0D-B11F-4689-80EC-FC0B340408D1}.Debug|Any CPU.ActiveCfg = Debug|Any CPU
		{7CB8CB0D-B11F-4689-80EC-FC0B340408D1}.Debug|Any CPU.Build.0 = Debug|Any CPU
		{7CB8CB0D-B11F-4689-80EC-FC0B340408D1}.Release|Any CPU.ActiveCfg = Release|Any CPU
		{7CB8CB0D-B11F-4689-80EC-FC0B340408D1}.Release|Any CPU.Build.0 = Release|Any CPU
	EndGlobalSection
	GlobalSection(SolutionProperties) = preSolution
		HideSolutionNode = FALSE
	EndGlobalSection
	GlobalSection(ExtensibilityGlobals) = postSolution
		SolutionGuid = {54741A79-968F-47A7-B448-B9832BC090DD}
	EndGlobalSection
EndGlobal
